
Microsoft Visual Studio Solution File, Format Version 12.00
# Visual Studio Version 17
VisualStudioVersion = 17.2.32526.322
MinimumVisualStudioVersion = 10.0.40219.1
Project("{FAE04EC0-301F-11D3-BF4B-00C04F79EFBC}") = "ExpeditionP", "ExpeditionP\ExpeditionP.csproj", "{E84045AE-5E7F-443F-B9CE-AEB40BA9D53B}"
EndProject
Global
	GlobalSection(SolutionConfigurationPlatforms) = preSolution
		Debug|Any CPU = Debug|Any CPU
		Release|Any CPU = Release|Any CPU
	EndGlobalSection
	GlobalSection(ProjectConfigurationPlatforms) = postSolution
		{E84045AE-5E7F-443F-B9CE-AEB40BA9D53B}.Debug|Any CPU.ActiveCfg = Debug|Any CPU
		{E84045AE-5E7F-443F-B9CE-AEB40BA9D53B}.Debug|Any CPU.Build.0 = Debug|Any CPU
		{E84045AE-5E7F-443F-B9CE-AEB40BA9D53B}.Release|Any CPU.ActiveCfg = Release|Any CPU
		{E84045AE-5E7F-443F-B9CE-AEB40BA9D53B}.Release|Any CPU.Build.0 = Release|Any CPU
	EndGlobalSection
	GlobalSection(SolutionProperties) = preSolution
		HideSolutionNode = FALSE
	EndGlobalSection
	GlobalSection(ExtensibilityGlobals) = postSolution
		SolutionGuid = {A9BB1BEF-08E2-41FB-9A77-5FF78EC52E21}
	EndGlobalSection
EndGlobal
